
Microsoft Visual Studio Solution File, Format Version 12.00
# Visual Studio Version 16
VisualStudioVersion = 16.0.30611.23
MinimumVisualStudioVersion = 10.0.40219.1
Project("{FAE04EC0-301F-11D3-BF4B-00C04F79EFBC}") = "MCServerInstaller", "MCServerInstaller\MCServerInstaller.csproj", "{5C517FB6-BAD3-4C6F-82A7-ED3DF0C06E0F}"
EndProject
Global
	GlobalSection(SolutionConfigurationPlatforms) = preSolution
		Debug|Any CPU = Debug|Any CPU
		Release|Any CPU = Release|Any CPU
	EndGlobalSection
	GlobalSection(ProjectConfigurationPlatforms) = postSolution
		{5C517FB6-BAD3-4C6F-82A7-ED3DF0C06E0F}.Debug|Any CPU.ActiveCfg = Debug|Any CPU
		{5C517FB6-BAD3-4C6F-82A7-ED3DF0C06E0F}.Debug|Any CPU.Build.0 = Debug|Any CPU
		{5C517FB6-BAD3-4C6F-82A7-ED3DF0C06E0F}.Release|Any CPU.ActiveCfg = Release|Any CPU
		{5C517FB6-BAD3-4C6F-82A7-ED3DF0C06E0F}.Release|Any CPU.Build.0 = Release|Any CPU
	EndGlobalSection
	GlobalSection(SolutionProperties) = preSolution
		HideSolutionNode = FALSE
	EndGlobalSection
	GlobalSection(ExtensibilityGlobals) = postSolution
		SolutionGuid = {B1A229DB-05DC-4C98-B8E1-B14AD02BAB75}
	EndGlobalSection
EndGlobal
